{
  "lockfile_version": "1",
  "packages": {
    "github:NixOS/nixpkgs/nixpkgs-unstable": {
      "last_modified": "2026-09-13T01:58:51Z",
      "resolved": "github:NixOS/nixpkgs/02f5696b0e6097e589076d886b317b83ff0437d7?lastModified=1789264731&narHash=sha256-llGJbC0CcU8DfROr6mZjRJgMLQd%2FSKwfpzxJH%2F2lHO4%3D"
    }
  }
}
